
Microsoft Visual Studio Solution File, Format Version 11.00
# Visual Studio 2010
Project("{FAE04EC0-301F-11D3-BF4B-00C04F79EFBC}") = "itunes-persistent-id-cloner", "itunes-persistent-id-cloner\itunes-persistent-id-cloner.csproj", "{815CCFE2-886E-4F17-8411-62B98B05288D}"
EndProject
Project("{FAE04EC0-301F-11D3-BF4B-00C04F79EFBC}") = "itunes-persistent-id-cloner.Test.Unit", "itunes-persistent-id-cloner.Test.Unit\itunes-persistent-id-cloner.Test.Unit.csproj", "{40A922AE-9CA7-40A7-BBDD-68DCEB0CFD29}"
EndProject
Global
	GlobalSection(SolutionConfigurationPlatforms) = preSolution
		Debug|Any CPU = Debug|Any CPU
		Debug|Mixed Platforms = Debug|Mixed Platforms
		Debug|x86 = Debug|x86
		Release|Any CPU = Release|Any CPU
		Release|Mixed Platforms = Release|Mixed Platforms
		Release|x86 = Release|x86
	EndGlobalSection
	GlobalSection(ProjectConfigurationPlatforms) = postSolution
		{815CCFE2-886E-4F17-8411-62B98B05288D}.Debug|Any CPU.ActiveCfg = Debug|x86
		{815CCFE2-886E-4F17-8411-62B98B05288D}.Debug|Mixed Platforms.ActiveCfg = Debug|x86
		{815CCFE2-886E-4F17-8411-62B98B05288D}.Debug|Mixed Platforms.Build.0 = Debug|x86
		{815CCFE2-886E-4F17-8411-62B98B05288D}.Debug|x86.ActiveCfg = Debug|x86
		{815CCFE2-886E-4F17-8411-62B98B05288D}.Debug|x86.Build.0 = Debug|x86
		{815CCFE2-886E-4F17-8411-62B98B05288D}.Release|Any CPU.ActiveCfg = Release|x86
		{815CCFE2-886E-4F17-8411-62B98B05288D}.Release|Mixed Platforms.ActiveCfg = Release|x86
		{815CCFE2-886E-4F17-8411-62B98B05288D}.Release|Mixed Platforms.Build.0 = Release|x86
		{815CCFE2-886E-4F17-8411-62B98B05288D}.Release|x86.ActiveCfg = Release|x86
		{815CCFE2-886E-4F17-8411-62B98B05288D}.Release|x86.Build.0 = Release|x86
		{40A922AE-9CA7-40A7-BBDD-68DCEB0CFD29}.Debug|Any CPU.ActiveCfg = Debug|Any CPU
		{40A922AE-9CA7-40A7-BBDD-68DCEB0CFD29}.Debug|Any CPU.Build.0 = Debug|Any CPU
		{40A922AE-9CA7-40A7-BBDD-68DCEB0CFD29}.Debug|Mixed Platforms.ActiveCfg = Debug|Any CPU
		{40A922AE-9CA7-40A7-BBDD-68DCEB0CFD29}.Debug|Mixed Platforms.Build.0 = Debug|Any CPU
		{40A922AE-9CA7-40A7-BBDD-68DCEB0CFD29}.Debug|x86.ActiveCfg = Debug|Any CPU
		{40A922AE-9CA7-40A7-BBDD-68DCEB0CFD29}.Release|Any CPU.ActiveCfg = Release|Any CPU
		{40A922AE-9CA7-40A7-BBDD-68DCEB0CFD29}.Release|Any CPU.Build.0 = Release|Any CPU
		{40A922AE-9CA7-40A7-BBDD-68DCEB0CFD29}.Release|Mixed Platforms.ActiveCfg = Release|Any CPU
		{40A922AE-9CA7-40A7-BBDD-68DCEB0CFD29}.Release|Mixed Platforms.Build.0 = Release|Any CPU
		{40A922AE-9CA7-40A7-BBDD-68DCEB0CFD29}.Release|x86.ActiveCfg = Release|Any CPU
	EndGlobalSection
	GlobalSection(SolutionProperties) = preSolution
		HideSolutionNode = FALSE
	EndGlobalSection
EndGlobal
